
Microsoft Visual Studio Solution File, Format Version 12.00
# Visual Studio Version 16
VisualStudioVersion = 16.0.28729.10
MinimumVisualStudioVersion = 10.0.40219.1
Project("{2150E333-8FDC-42A3-9474-1A3956D46DE8}") = "Lesson 1", "Lesson 1", "{4DC992DD-38F1-41BF-9901-DFAB854AA1FC}"
EndProject
Project("{2150E333-8FDC-42A3-9474-1A3956D46DE8}") = "Lesson 2", "Lesson 2", "{029B0A0E-5E5C-47BB-90AA-6B0F8C997EEE}"
EndProject
Project("{2150E333-8FDC-42A3-9474-1A3956D46DE8}") = "Lesson 3", "Lesson 3", "{E80132BD-E987-488D-A328-026120F9F068}"
EndProject
Project("{FAE04EC0-301F-11D3-BF4B-00C04F79EFBC}") = "Task 1", "Lesson 2\Task 1\Task 1.csproj", "{C3DC4680-A9C8-45FE-BF96-646B7ECC4B65}"
EndProject
Project("{FAE04EC0-301F-11D3-BF4B-00C04F79EFBC}") = "Task 2", "Lesson 2\Task 2\Task 2.csproj", "{95EF4107-0C55-445E-AC86-DCC6F93B408B}"
EndProject
Project("{FAE04EC0-301F-11D3-BF4B-00C04F79EFBC}") = "Task 3", "Lesson 2\Task 3\Task 3.csproj", "{C78A1B64-84C5-41BE-839D-80E9FBCBC7CD}"
EndProject
Project("{FAE04EC0-301F-11D3-BF4B-00C04F79EFBC}") = "Task 4", "Lesson 2\Task 4\Task 4.csproj", "{90D95912-16F0-4526-8F48-6634F9818A9C}"
EndProject
Project("{FAE04EC0-301F-11D3-BF4B-00C04F79EFBC}") = "Task 5", "Lesson 2\Task 5\Task 5.csproj", "{C8CCD2DB-8B72-4D0E-922E-B1CD06B14730}"
EndProject
Project("{FAE04EC0-301F-11D3-BF4B-00C04F79EFBC}") = "Task 6", "Lesson 2\Task 6\Task 6.csproj", "{80D28291-18AD-4475-AB69-82A88FF0CE02}"
EndProject
Project("{FAE04EC0-301F-11D3-BF4B-00C04F79EFBC}") = "Task 7", "Lesson 2\Task 7\Task 7.csproj", "{1AE1C175-00F6-457B-9EF2-A79973193FDA}"
EndProject
Global
	GlobalSection(SolutionConfigurationPlatforms) = preSolution
		Debug|Any CPU = Debug|Any CPU
		Release|Any CPU = Release|Any CPU
	EndGlobalSection
	GlobalSection(ProjectConfigurationPlatforms) = postSolution
		{C3DC4680-A9C8-45FE-BF96-646B7ECC4B65}.Debug|Any CPU.ActiveCfg = Debug|Any CPU
		{C3DC4680-A9C8-45FE-BF96-646B7ECC4B65}.Debug|Any CPU.Build.0 = Debug|Any CPU
		{C3DC4680-A9C8-45FE-BF96-646B7ECC4B65}.Release|Any CPU.ActiveCfg = Release|Any CPU
		{C3DC4680-A9C8-45FE-BF96-646B7ECC4B65}.Release|Any CPU.Build.0 = Release|Any CPU
		{95EF4107-0C55-445E-AC86-DCC6F93B408B}.Debug|Any CPU.ActiveCfg = Debug|Any CPU
		{95EF4107-0C55-445E-AC86-DCC6F93B408B}.Debug|Any CPU.Build.0 = Debug|Any CPU
		{95EF4107-0C55-445E-AC86-DCC6F93B408B}.Release|Any CPU.ActiveCfg = Release|Any CPU
		{95EF4107-0C55-445E-AC86-DCC6F93B408B}.Release|Any CPU.Build.0 = Release|Any CPU
		{C78A1B64-84C5-41BE-839D-80E9FBCBC7CD}.Debug|Any CPU.ActiveCfg = Debug|Any CPU
		{C78A1B64-84C5-41BE-839D-80E9FBCBC7CD}.Debug|Any CPU.Build.0 = Debug|Any CPU
		{C78A1B64-84C5-41BE-839D-80E9FBCBC7CD}.Release|Any CPU.ActiveCfg = Release|Any CPU
		{C78A1B64-84C5-41BE-839D-80E9FBCBC7CD}.Release|Any CPU.Build.0 = Release|Any CPU
		{90D95912-16F0-4526-8F48-6634F9818A9C}.Debug|Any CPU.ActiveCfg = Debug|Any CPU
		{90D95912-16F0-4526-8F48-6634F9818A9C}.Debug|Any CPU.Build.0 = Debug|Any CPU
		{90D95912-16F0-4526-8F48-6634F9818A9C}.Release|Any CPU.ActiveCfg = Release|Any CPU
		{90D95912-16F0-4526-8F48-6634F9818A9C}.Release|Any CPU.Build.0 = Release|Any CPU
		{C8CCD2DB-8B72-4D0E-922E-B1CD06B14730}.Debug|Any CPU.ActiveCfg = Debug|Any CPU
		{C8CCD2DB-8B72-4D0E-922E-B1CD06B14730}.Debug|Any CPU.Build.0 = Debug|Any CPU
		{C8CCD2DB-8B72-4D0E-922E-B1CD06B14730}.Release|Any CPU.ActiveCfg = Release|Any CPU
		{C8CCD2DB-8B72-4D0E-922E-B1CD06B14730}.Release|Any CPU.Build.0 = Release|Any CPU
		{80D28291-18AD-4475-AB69-82A88FF0CE02}.Debug|Any CPU.ActiveCfg = Debug|Any CPU
		{80D28291-18AD-4475-AB69-82A88FF0CE02}.Debug|Any CPU.Build.0 = Debug|Any CPU
		{80D28291-18AD-4475-AB69-82A88FF0CE02}.Release|Any CPU.ActiveCfg = Release|Any CPU
		{80D28291-18AD-4475-AB69-82A88FF0CE02}.Release|Any CPU.Build.0 = Release|Any CPU
		{1AE1C175-00F6-457B-9EF2-A79973193FDA}.Debug|Any CPU.ActiveCfg = Debug|Any CPU
		{1AE1C175-00F6-457B-9EF2-A79973193FDA}.Debug|Any CPU.Build.0 = Debug|Any CPU
		{1AE1C175-00F6-457B-9EF2-A79973193FDA}.Release|Any CPU.ActiveCfg = Release|Any CPU
		{1AE1C175-00F6-457B-9EF2-A79973193FDA}.Release|Any CPU.Build.0 = Release|Any CPU
	EndGlobalSection
	GlobalSection(SolutionProperties) = preSolution
		HideSolutionNode = FALSE
	EndGlobalSection
	GlobalSection(NestedProjects) = preSolution
		{C3DC4680-A9C8-45FE-BF96-646B7ECC4B65} = {029B0A0E-5E5C-47BB-90AA-6B0F8C997EEE}
		{95EF4107-0C55-445E-AC86-DCC6F93B408B} = {029B0A0E-5E5C-47BB-90AA-6B0F8C997EEE}
		{C78A1B64-84C5-41BE-839D-80E9FBCBC7CD} = {029B0A0E-5E5C-47BB-90AA-6B0F8C997EEE}
		{90D95912-16F0-4526-8F48-6634F9818A9C} = {029B0A0E-5E5C-47BB-90AA-6B0F8C997EEE}
		{C8CCD2DB-8B72-4D0E-922E-B1CD06B14730} = {029B0A0E-5E5C-47BB-90AA-6B0F8C997EEE}
		{80D28291-18AD-4475-AB69-82A88FF0CE02} = {029B0A0E-5E5C-47BB-90AA-6B0F8C997EEE}
		{1AE1C175-00F6-457B-9EF2-A79973193FDA} = {029B0A0E-5E5C-47BB-90AA-6B0F8C997EEE}
	EndGlobalSection
	GlobalSection(ExtensibilityGlobals) = postSolution
		SolutionGuid = {232EB114-D66B-473B-90BB-58E3E6773AFA}
	EndGlobalSection
EndGlobal
