
Microsoft Visual Studio Solution File, Format Version 12.00
# Visual Studio Version 16
VisualStudioVersion = 16.0.28729.10
MinimumVisualStudioVersion = 10.0.40219.1
Project("{2150E333-8FDC-42A3-9474-1A3956D46DE8}") = "Lesson 1", "Lesson 1", "{4DC992DD-38F1-41BF-9901-DFAB854AA1FC}"
EndProject
Project("{2150E333-8FDC-42A3-9474-1A3956D46DE8}") = "Lesson 2", "Lesson 2", "{029B0A0E-5E5C-47BB-90AA-6B0F8C997EEE}"
EndProject
Project("{2150E333-8FDC-42A3-9474-1A3956D46DE8}") = "Lesson 3", "Lesson 3", "{E80132BD-E987-488D-A328-026120F9F068}"
EndProject
Project("{FAE04EC0-301F-11D3-BF4B-00C04F79EFBC}") = "Task 1", "Lesson 1\Task 1\Task 1.csproj", "{7D99BED0-CF14-42A1-BB7A-8CC6D76CD574}"
EndProject
Project("{FAE04EC0-301F-11D3-BF4B-00C04F79EFBC}") = "Task 2", "Lesson 1\Task 2\Task 2.csproj", "{D5D8C84A-12BD-4C6A-A4A0-6B441D2163C4}"
EndProject
Project("{FAE04EC0-301F-11D3-BF4B-00C04F79EFBC}") = "Task 3", "Lesson 1\Task 3\Task 3.csproj", "{0A5BB80F-909E-4216-BEBB-CE31D42DFB62}"
EndProject
Project("{FAE04EC0-301F-11D3-BF4B-00C04F79EFBC}") = "Task 4", "Lesson 1\Task 4\Task 4.csproj", "{52F6C970-86D5-4A5F-9154-75C602D6953A}"
EndProject
Project("{FAE04EC0-301F-11D3-BF4B-00C04F79EFBC}") = "Task 5", "Lesson 1\Task 5\Task 5.csproj", "{B633A92F-E291-4FC0-8C23-2BA9BA85AFFB}"
EndProject
Project("{FAE04EC0-301F-11D3-BF4B-00C04F79EFBC}") = "MyMethods", "MyClass\MyMethods.csproj", "{1FACB316-0CE1-40A6-975D-921FD81EFAFC}"
EndProject
Global
	GlobalSection(SolutionConfigurationPlatforms) = preSolution
		Debug|Any CPU = Debug|Any CPU
		Release|Any CPU = Release|Any CPU
	EndGlobalSection
	GlobalSection(ProjectConfigurationPlatforms) = postSolution
		{7D99BED0-CF14-42A1-BB7A-8CC6D76CD574}.Debug|Any CPU.ActiveCfg = Debug|Any CPU
		{7D99BED0-CF14-42A1-BB7A-8CC6D76CD574}.Debug|Any CPU.Build.0 = Debug|Any CPU
		{7D99BED0-CF14-42A1-BB7A-8CC6D76CD574}.Release|Any CPU.ActiveCfg = Release|Any CPU
		{7D99BED0-CF14-42A1-BB7A-8CC6D76CD574}.Release|Any CPU.Build.0 = Release|Any CPU
		{D5D8C84A-12BD-4C6A-A4A0-6B441D2163C4}.Debug|Any CPU.ActiveCfg = Debug|Any CPU
		{D5D8C84A-12BD-4C6A-A4A0-6B441D2163C4}.Debug|Any CPU.Build.0 = Debug|Any CPU
		{D5D8C84A-12BD-4C6A-A4A0-6B441D2163C4}.Release|Any CPU.ActiveCfg = Release|Any CPU
		{D5D8C84A-12BD-4C6A-A4A0-6B441D2163C4}.Release|Any CPU.Build.0 = Release|Any CPU
		{0A5BB80F-909E-4216-BEBB-CE31D42DFB62}.Debug|Any CPU.ActiveCfg = Debug|Any CPU
		{0A5BB80F-909E-4216-BEBB-CE31D42DFB62}.Debug|Any CPU.Build.0 = Debug|Any CPU
		{0A5BB80F-909E-4216-BEBB-CE31D42DFB62}.Release|Any CPU.ActiveCfg = Release|Any CPU
		{0A5BB80F-909E-4216-BEBB-CE31D42DFB62}.Release|Any CPU.Build.0 = Release|Any CPU
		{52F6C970-86D5-4A5F-9154-75C602D6953A}.Debug|Any CPU.ActiveCfg = Debug|Any CPU
		{52F6C970-86D5-4A5F-9154-75C602D6953A}.Debug|Any CPU.Build.0 = Debug|Any CPU
		{52F6C970-86D5-4A5F-9154-75C602D6953A}.Release|Any CPU.ActiveCfg = Release|Any CPU
		{52F6C970-86D5-4A5F-9154-75C602D6953A}.Release|Any CPU.Build.0 = Release|Any CPU
		{B633A92F-E291-4FC0-8C23-2BA9BA85AFFB}.Debug|Any CPU.ActiveCfg = Debug|Any CPU
		{B633A92F-E291-4FC0-8C23-2BA9BA85AFFB}.Debug|Any CPU.Build.0 = Debug|Any CPU
		{B633A92F-E291-4FC0-8C23-2BA9BA85AFFB}.Release|Any CPU.ActiveCfg = Release|Any CPU
		{B633A92F-E291-4FC0-8C23-2BA9BA85AFFB}.Release|Any CPU.Build.0 = Release|Any CPU
		{1FACB316-0CE1-40A6-975D-921FD81EFAFC}.Debug|Any CPU.ActiveCfg = Debug|Any CPU
		{1FACB316-0CE1-40A6-975D-921FD81EFAFC}.Debug|Any CPU.Build.0 = Debug|Any CPU
		{1FACB316-0CE1-40A6-975D-921FD81EFAFC}.Release|Any CPU.ActiveCfg = Release|Any CPU
		{1FACB316-0CE1-40A6-975D-921FD81EFAFC}.Release|Any CPU.Build.0 = Release|Any CPU
	EndGlobalSection
	GlobalSection(SolutionProperties) = preSolution
		HideSolutionNode = FALSE
	EndGlobalSection
	GlobalSection(NestedProjects) = preSolution
		{7D99BED0-CF14-42A1-BB7A-8CC6D76CD574} = {4DC992DD-38F1-41BF-9901-DFAB854AA1FC}
		{D5D8C84A-12BD-4C6A-A4A0-6B441D2163C4} = {4DC992DD-38F1-41BF-9901-DFAB854AA1FC}
		{0A5BB80F-909E-4216-BEBB-CE31D42DFB62} = {4DC992DD-38F1-41BF-9901-DFAB854AA1FC}
		{52F6C970-86D5-4A5F-9154-75C602D6953A} = {4DC992DD-38F1-41BF-9901-DFAB854AA1FC}
		{B633A92F-E291-4FC0-8C23-2BA9BA85AFFB} = {4DC992DD-38F1-41BF-9901-DFAB854AA1FC}
		{1FACB316-0CE1-40A6-975D-921FD81EFAFC} = {4DC992DD-38F1-41BF-9901-DFAB854AA1FC}
	EndGlobalSection
	GlobalSection(ExtensibilityGlobals) = postSolution
		SolutionGuid = {232EB114-D66B-473B-90BB-58E3E6773AFA}
	EndGlobalSection
EndGlobal
